
Microsoft Visual Studio Solution File, Format Version 12.00
Project("{FAE04EC0-301F-11D3-BF4B-00C04F79EFBC}") = "Cw10Sol", "Cw10Sol\Cw10Sol.csproj", "{A70817B7-C575-41AD-9669-A6361043E047}"
EndProject
Global
	GlobalSection(SolutionConfigurationPlatforms) = preSolution
		Debug|Any CPU = Debug|Any CPU
		Release|Any CPU = Release|Any CPU
	EndGlobalSection
	GlobalSection(ProjectConfigurationPlatforms) = postSolution
		{A70817B7-C575-41AD-9669-A6361043E047}.Debug|Any CPU.ActiveCfg = Debug|Any CPU
		{A70817B7-C575-41AD-9669-A6361043E047}.Debug|Any CPU.Build.0 = Debug|Any CPU
		{A70817B7-C575-41AD-9669-A6361043E047}.Release|Any CPU.ActiveCfg = Release|Any CPU
		{A70817B7-C575-41AD-9669-A6361043E047}.Release|Any CPU.Build.0 = Release|Any CPU
	EndGlobalSection
EndGlobal
